Microsoft Visual Studio Solution File, Format Version 12.00
# Visual Studio Version 16
VisualStudioVersion = 16.0.29920.165
MinimumVisualStudioVersion = 15.0.26124.0

Project("{D954291E-2A0B-460D-934E-DC6B0785DB48}") = "TestUnoApp.Shared", "TestUnoApp.Shared\TestUnoApp.Shared.shproj", "{6279C845-92F8-4333-AB99-3D213163593C}"
EndProject

Project("{FAE04EC0-301F-11D3-BF4B-00C04F79EFBC}") = "TestUnoApp.Droid", "TestUnoApp.Droid\TestUnoApp.Droid.csproj", "{1c3e1955-473f-4898-898e-73419d4fa07f}"
EndProject

Project("{FAE04EC0-301F-11D3-BF4B-00C04F79EFBC}") = "TestUnoApp.iOS", "TestUnoApp.iOS\TestUnoApp.iOS.csproj", "{78d81075-66c7-4658-9e5e-b82f3c44012c}"
EndProject

Project("{FAE04EC0-301F-11D3-BF4B-00C04F79EFBC}") = "TestUnoApp.Uwp", "TestUnoApp.UWP\TestUnoApp.Uwp.csproj", "{28f6d410-6cf8-4d16-8bac-7c8e8d273b37}"
EndProject

Project("{9A19103F-16F7-4668-BE54-9A1E7A4F7556}") = "TestUnoApp.Wasm", "TestUnoApp.Wasm\TestUnoApp.Wasm.csproj", "{40EA03F7-8A22-4143-B251-79BAC3EB13D2}"
EndProject

Project("{FAE04EC0-301F-11D3-BF4B-00C04F79EFBC}") = "TestUnoApp.macOS", "TestUnoApp.macOS\TestUnoApp.macOS.csproj", "{2ef42fce-b122-4fcc-9894-e1e6656e5f39}"
EndProject

Project("{9A19103F-16F7-4668-BE54-9A1E7A4F7556}") = "TestUnoApp.Skia.Gtk", "TestUnoApp.Skia.Gtk\TestUnoApp.Skia.Gtk.csproj", "{A5B8155A-118F-4794-B551-C6F3CF7E5411}"
EndProject

Project("{9A19103F-16F7-4668-BE54-9A1E7A4F7556}") = "TestUnoApp.Skia.WPF", "TestUnoApp.Skia.WPF\TestUnoApp.Skia.WPF.csproj", "{140bebdf-0c67-4cb8-9724-2b40adb4e4ea}"
EndProject
Project("{9A19103F-16F7-4668-BE54-9A1E7A4F7556}") = "TestUnoApp.Skia.Wpf.Host", "TestUnoApp.Skia.WPF.Host\TestUnoApp.Skia.Wpf.Host.csproj", "{6CF284A4-22B1-4F05-97F4-F095C07A598E}"
EndProject

Project("{9A19103F-16F7-4668-BE54-9A1E7A4F7556}") = "TestUnoApp.Skia.Tizen", "TestUnoApp.Skia.Tizen\TestUnoApp.Skia.Tizen.csproj", "{9AED22A6-77DC-4799-BAE7-5F26F2070BD2}"
EndProject

Global
	GlobalSection(SharedMSBuildProjectFiles) = preSolution
		TestUnoApp.Shared\TestUnoApp.Shared.projitems*{1c3e1955-473f-4898-898e-73419d4fa07f}*SharedItemsImports = 4
		TestUnoApp.Shared\TestUnoApp.Shared.projitems*{140bebdf-0c67-4cb8-9724-2b40adb4e4ea}*SharedItemsImports = 5
		TestUnoApp.Shared\TestUnoApp.Shared.projitems*{2ef42fce-b122-4fcc-9894-e1e6656e5f39}*SharedItemsImports = 4
		TestUnoApp.Shared\TestUnoApp.Shared.projitems*{40ea03f7-8a22-4143-b251-79bac3eb13d2}*SharedItemsImports = 5
		TestUnoApp.Shared\TestUnoApp.Shared.projitems*{a5b8155a-118f-4794-b551-c6f3cf7e5411}*SharedItemsImports = 5
		TestUnoApp.Shared\TestUnoApp.Shared.projitems*{78d81075-66c7-4658-9e5e-b82f3c44012c}*SharedItemsImports = 4
		TestUnoApp.Shared\TestUnoApp.Shared.projitems*{6279c845-92f8-4333-ab99-3d213163593c}*SharedItemsImports = 13
		TestUnoApp.Shared\TestUnoApp.Shared.projitems*{28f6d410-6cf8-4d16-8bac-7c8e8d273b37}*SharedItemsImports = 4
	EndGlobalSection
	GlobalSection(SolutionConfigurationPlatforms) = preSolution
		Debug|Any CPU = Debug|Any CPU
		Debug|ARM = Debug|ARM
		Debug|ARM64 = Debug|ARM64
		Debug|iPhone = Debug|iPhone
		Debug|iPhoneSimulator = Debug|iPhoneSimulator
		Debug|x64 = Debug|x64
		Debug|x86 = Debug|x86
		Release|Any CPU = Release|Any CPU
		Release|ARM = Release|ARM
		Release|ARM64 = Release|ARM64
		Release|iPhone = Release|iPhone
		Release|iPhoneSimulator = Release|iPhoneSimulator
		Release|x64 = Release|x64
		Release|x86 = Release|x86
	EndGlobalSection
	GlobalSection(ProjectConfigurationPlatforms) = postSolution
		{1c3e1955-473f-4898-898e-73419d4fa07f}.Debug|Any CPU.ActiveCfg = Debug|Any CPU
		{1c3e1955-473f-4898-898e-73419d4fa07f}.Debug|Any CPU.Build.0 = Debug|Any CPU
		{1c3e1955-473f-4898-898e-73419d4fa07f}.Debug|Any CPU.Deploy.0 = Debug|Any CPU
		{1c3e1955-473f-4898-898e-73419d4fa07f}.Debug|ARM.ActiveCfg = Debug|Any CPU
		{1c3e1955-473f-4898-898e-73419d4fa07f}.Debug|ARM.Build.0 = Debug|Any CPU
		{1c3e1955-473f-4898-898e-73419d4fa07f}.Debug|ARM.Deploy.0 = Debug|Any CPU
		{1c3e1955-473f-4898-898e-73419d4fa07f}.Debug|ARM64.ActiveCfg = Debug|Any CPU
		{1c3e1955-473f-4898-898e-73419d4fa07f}.Debug|ARM64.Build.0 = Debug|Any CPU
		{1c3e1955-473f-4898-898e-73419d4fa07f}.Debug|ARM64.Deploy.0 = Debug|Any CPU
		{1c3e1955-473f-4898-898e-73419d4fa07f}.Debug|iPhone.ActiveCfg = Debug|Any CPU
		{1c3e1955-473f-4898-898e-73419d4fa07f}.Debug|iPhone.Build.0 = Debug|Any CPU
		{1c3e1955-473f-4898-898e-73419d4fa07f}.Debug|iPhone.Deploy.0 = Debug|Any CPU
		{1c3e1955-473f-4898-898e-73419d4fa07f}.Debug|iPhoneSimulator.ActiveCfg = Debug|Any CPU
		{1c3e1955-473f-4898-898e-73419d4fa07f}.Debug|iPhoneSimulator.Build.0 = Debug|Any CPU
		{1c3e1955-473f-4898-898e-73419d4fa07f}.Debug|iPhoneSimulator.Deploy.0 = Debug|Any CPU
		{1c3e1955-473f-4898-898e-73419d4fa07f}.Debug|x64.ActiveCfg = Debug|Any CPU
		{1c3e1955-473f-4898-898e-73419d4fa07f}.Debug|x64.Build.0 = Debug|Any CPU
		{1c3e1955-473f-4898-898e-73419d4fa07f}.Debug|x64.Deploy.0 = Debug|Any CPU
		{1c3e1955-473f-4898-898e-73419d4fa07f}.Debug|x86.ActiveCfg = Debug|Any CPU
		{1c3e1955-473f-4898-898e-73419d4fa07f}.Debug|x86.Build.0 = Debug|Any CPU
		{1c3e1955-473f-4898-898e-73419d4fa07f}.Debug|x86.Deploy.0 = Debug|Any CPU

		{1c3e1955-473f-4898-898e-73419d4fa07f}.Release|Any CPU.ActiveCfg = Release|Any CPU
		{1c3e1955-473f-4898-898e-73419d4fa07f}.Release|Any CPU.Build.0 = Release|Any CPU
		{1c3e1955-473f-4898-898e-73419d4fa07f}.Release|Any CPU.Deploy.0 = Release|Any CPU
		{1c3e1955-473f-4898-898e-73419d4fa07f}.Release|ARM.ActiveCfg = Release|Any CPU
		{1c3e1955-473f-4898-898e-73419d4fa07f}.Release|ARM.Build.0 = Release|Any CPU
		{1c3e1955-473f-4898-898e-73419d4fa07f}.Release|ARM.Deploy.0 = Release|Any CPU
		{1c3e1955-473f-4898-898e-73419d4fa07f}.Release|ARM64.ActiveCfg = Release|Any CPU
		{1c3e1955-473f-4898-898e-73419d4fa07f}.Release|ARM64.Build.0 = Release|Any CPU
		{1c3e1955-473f-4898-898e-73419d4fa07f}.Release|ARM64.Deploy.0 = Release|Any CPU
		{1c3e1955-473f-4898-898e-73419d4fa07f}.Release|iPhone.ActiveCfg = Release|Any CPU
		{1c3e1955-473f-4898-898e-73419d4fa07f}.Release|iPhone.Build.0 = Release|Any CPU
		{1c3e1955-473f-4898-898e-73419d4fa07f}.Release|iPhone.Deploy.0 = Release|Any CPU
		{1c3e1955-473f-4898-898e-73419d4fa07f}.Release|iPhoneSimulator.ActiveCfg = Release|Any CPU
		{1c3e1955-473f-4898-898e-73419d4fa07f}.Release|iPhoneSimulator.Build.0 = Release|Any CPU
		{1c3e1955-473f-4898-898e-73419d4fa07f}.Release|iPhoneSimulator.Deploy.0 = Release|Any CPU
		{1c3e1955-473f-4898-898e-73419d4fa07f}.Release|x64.ActiveCfg = Release|Any CPU
		{1c3e1955-473f-4898-898e-73419d4fa07f}.Release|x64.Build.0 = Release|Any CPU
		{1c3e1955-473f-4898-898e-73419d4fa07f}.Release|x64.Deploy.0 = Release|Any CPU
		{1c3e1955-473f-4898-898e-73419d4fa07f}.Release|x86.ActiveCfg = Release|Any CPU
		{1c3e1955-473f-4898-898e-73419d4fa07f}.Release|x86.Build.0 = Release|Any CPU
		{1c3e1955-473f-4898-898e-73419d4fa07f}.Release|x86.Deploy.0 = Release|Any CPU
		{78d81075-66c7-4658-9e5e-b82f3c44012c}.Debug|Any CPU.ActiveCfg = Debug|iPhone
		{78d81075-66c7-4658-9e5e-b82f3c44012c}.Debug|Any CPU.Build.0 = Debug|iPhone
		{78d81075-66c7-4658-9e5e-b82f3c44012c}.Debug|Any CPU.Deploy.0 = Debug|iPhone
		{78d81075-66c7-4658-9e5e-b82f3c44012c}.Debug|ARM.ActiveCfg = Debug|iPhone
		{78d81075-66c7-4658-9e5e-b82f3c44012c}.Debug|ARM64.ActiveCfg = Debug|iPhone
		{78d81075-66c7-4658-9e5e-b82f3c44012c}.Debug|iPhone.ActiveCfg = Debug|iPhone
		{78d81075-66c7-4658-9e5e-b82f3c44012c}.Debug|iPhone.Build.0 = Debug|iPhone
		{78d81075-66c7-4658-9e5e-b82f3c44012c}.Debug|iPhoneSimulator.ActiveCfg = Debug|iPhoneSimulator
		{78d81075-66c7-4658-9e5e-b82f3c44012c}.Debug|iPhoneSimulator.Build.0 = Debug|iPhoneSimulator
		{78d81075-66c7-4658-9e5e-b82f3c44012c}.Debug|x64.ActiveCfg = Debug|iPhone
		{78d81075-66c7-4658-9e5e-b82f3c44012c}.Debug|x64.Build.0 = Debug|iPhone
		{78d81075-66c7-4658-9e5e-b82f3c44012c}.Debug|x64.Deploy.0 = Debug|iPhone
		{78d81075-66c7-4658-9e5e-b82f3c44012c}.Debug|x86.ActiveCfg = Debug|iPhoneSimulator
		{78d81075-66c7-4658-9e5e-b82f3c44012c}.Debug|x86.Build.0 = Debug|iPhoneSimulator
		{78d81075-66c7-4658-9e5e-b82f3c44012c}.Debug|x86.Deploy.0 = Debug|iPhoneSimulator
		{78d81075-66c7-4658-9e5e-b82f3c44012c}.Release|Any CPU.ActiveCfg = Release|iPhone
		{78d81075-66c7-4658-9e5e-b82f3c44012c}.Release|ARM.ActiveCfg = Release|iPhone
		{78d81075-66c7-4658-9e5e-b82f3c44012c}.Release|ARM64.ActiveCfg = Release|iPhone
		{78d81075-66c7-4658-9e5e-b82f3c44012c}.Release|iPhone.ActiveCfg = Release|iPhone
		{78d81075-66c7-4658-9e5e-b82f3c44012c}.Release|iPhone.Build.0 = Release|iPhone
		{78d81075-66c7-4658-9e5e-b82f3c44012c}.Release|iPhoneSimulator.ActiveCfg = Release|iPhoneSimulator
		{78d81075-66c7-4658-9e5e-b82f3c44012c}.Release|iPhoneSimulator.Build.0 = Release|iPhoneSimulator
		{78d81075-66c7-4658-9e5e-b82f3c44012c}.Release|x64.ActiveCfg = Release|iPhoneSimulator
		{78d81075-66c7-4658-9e5e-b82f3c44012c}.Release|x64.Build.0 = Release|iPhoneSimulator
		{78d81075-66c7-4658-9e5e-b82f3c44012c}.Release|x64.Deploy.0 = Release|iPhoneSimulator
		{78d81075-66c7-4658-9e5e-b82f3c44012c}.Release|x86.ActiveCfg = Release|iPhoneSimulator
		{78d81075-66c7-4658-9e5e-b82f3c44012c}.Release|x86.Build.0 = Release|iPhoneSimulator

		{28f6d410-6cf8-4d16-8bac-7c8e8d273b37}.Debug|Any CPU.ActiveCfg = Debug|x86
		{28f6d410-6cf8-4d16-8bac-7c8e8d273b37}.Debug|Any CPU.Build.0 = Debug|x86
		{28f6d410-6cf8-4d16-8bac-7c8e8d273b37}.Debug|Any CPU.Deploy.0 = Debug|x86
		{28f6d410-6cf8-4d16-8bac-7c8e8d273b37}.Debug|ARM.ActiveCfg = Debug|ARM
		{28f6d410-6cf8-4d16-8bac-7c8e8d273b37}.Debug|ARM.Build.0 = Debug|ARM
		{28f6d410-6cf8-4d16-8bac-7c8e8d273b37}.Debug|ARM.Deploy.0 = Debug|ARM
		{28f6d410-6cf8-4d16-8bac-7c8e8d273b37}.Debug|ARM64.ActiveCfg = Debug|ARM64
		{28f6d410-6cf8-4d16-8bac-7c8e8d273b37}.Debug|ARM64.Build.0 = Debug|ARM64
		{28f6d410-6cf8-4d16-8bac-7c8e8d273b37}.Debug|ARM64.Deploy.0 = Debug|ARM64
		{28f6d410-6cf8-4d16-8bac-7c8e8d273b37}.Debug|iPhone.ActiveCfg = Debug|x86
		{28f6d410-6cf8-4d16-8bac-7c8e8d273b37}.Debug|iPhone.Build.0 = Debug|x86
		{28f6d410-6cf8-4d16-8bac-7c8e8d273b37}.Debug|iPhone.Deploy.0 = Debug|x86
		{28f6d410-6cf8-4d16-8bac-7c8e8d273b37}.Debug|iPhoneSimulator.ActiveCfg = Debug|x86
		{28f6d410-6cf8-4d16-8bac-7c8e8d273b37}.Debug|iPhoneSimulator.Build.0 = Debug|x86
		{28f6d410-6cf8-4d16-8bac-7c8e8d273b37}.Debug|iPhoneSimulator.Deploy.0 = Debug|x86
		{28f6d410-6cf8-4d16-8bac-7c8e8d273b37}.Debug|x64.ActiveCfg = Debug|x64
		{28f6d410-6cf8-4d16-8bac-7c8e8d273b37}.Debug|x64.Build.0 = Debug|x64
		{28f6d410-6cf8-4d16-8bac-7c8e8d273b37}.Debug|x64.Deploy.0 = Debug|x64
		{28f6d410-6cf8-4d16-8bac-7c8e8d273b37}.Debug|x86.ActiveCfg = Debug|x86
		{28f6d410-6cf8-4d16-8bac-7c8e8d273b37}.Debug|x86.Build.0 = Debug|x86
		{28f6d410-6cf8-4d16-8bac-7c8e8d273b37}.Debug|x86.Deploy.0 = Debug|x86
		{28f6d410-6cf8-4d16-8bac-7c8e8d273b37}.Release|Any CPU.ActiveCfg = Release|x86
		{28f6d410-6cf8-4d16-8bac-7c8e8d273b37}.Release|ARM.ActiveCfg = Release|ARM
		{28f6d410-6cf8-4d16-8bac-7c8e8d273b37}.Release|ARM.Build.0 = Release|ARM
		{28f6d410-6cf8-4d16-8bac-7c8e8d273b37}.Release|ARM.Deploy.0 = Release|ARM
		{28f6d410-6cf8-4d16-8bac-7c8e8d273b37}.Release|ARM64.ActiveCfg = Release|ARM64
		{28f6d410-6cf8-4d16-8bac-7c8e8d273b37}.Release|ARM64.Build.0 = Release|ARM64
		{28f6d410-6cf8-4d16-8bac-7c8e8d273b37}.Release|ARM64.Deploy.0 = Release|ARM64
		{28f6d410-6cf8-4d16-8bac-7c8e8d273b37}.Release|iPhone.ActiveCfg = Release|x86
		{28f6d410-6cf8-4d16-8bac-7c8e8d273b37}.Release|iPhone.Build.0 = Release|x86
		{28f6d410-6cf8-4d16-8bac-7c8e8d273b37}.Release|iPhoneSimulator.ActiveCfg = Release|x86
		{28f6d410-6cf8-4d16-8bac-7c8e8d273b37}.Release|iPhoneSimulator.Build.0 = Release|x86
		{28f6d410-6cf8-4d16-8bac-7c8e8d273b37}.Release|iPhoneSimulator.Deploy.0 = Release|x86
		{28f6d410-6cf8-4d16-8bac-7c8e8d273b37}.Release|x64.ActiveCfg = Release|x64
		{28f6d410-6cf8-4d16-8bac-7c8e8d273b37}.Release|x64.Build.0 = Release|x64
		{28f6d410-6cf8-4d16-8bac-7c8e8d273b37}.Release|x64.Deploy.0 = Release|x64
		{28f6d410-6cf8-4d16-8bac-7c8e8d273b37}.Release|x86.ActiveCfg = Release|x86
		{28f6d410-6cf8-4d16-8bac-7c8e8d273b37}.Release|x86.Build.0 = Release|x86
		{28f6d410-6cf8-4d16-8bac-7c8e8d273b37}.Release|x86.Deploy.0 = Release|x86

		{140bebdf-0c67-4cb8-9724-2b40adb4e4ea}.Debug|Any CPU.ActiveCfg = Debug|Any CPU
		{140bebdf-0c67-4cb8-9724-2b40adb4e4ea}.Debug|Any CPU.Build.0 = Debug|Any CPU
		{140bebdf-0c67-4cb8-9724-2b40adb4e4ea}.Debug|Any CPU.Deploy.0 = Debug|Any CPU
		{140bebdf-0c67-4cb8-9724-2b40adb4e4ea}.Debug|ARM.ActiveCfg = Debug|ARM
		{140bebdf-0c67-4cb8-9724-2b40adb4e4ea}.Debug|ARM.Build.0 = Debug|ARM
		{140bebdf-0c67-4cb8-9724-2b40adb4e4ea}.Debug|ARM.Deploy.0 = Debug|ARM
		{140bebdf-0c67-4cb8-9724-2b40adb4e4ea}.Debug|ARM64.ActiveCfg = Debug|ARM64
		{140bebdf-0c67-4cb8-9724-2b40adb4e4ea}.Debug|ARM64.Build.0 = Debug|ARM64
		{140bebdf-0c67-4cb8-9724-2b40adb4e4ea}.Debug|ARM64.Deploy.0 = Debug|ARM64
		{140bebdf-0c67-4cb8-9724-2b40adb4e4ea}.Debug|iPhone.ActiveCfg = Debug|x86
		{140bebdf-0c67-4cb8-9724-2b40adb4e4ea}.Debug|iPhone.Build.0 = Debug|x86
		{140bebdf-0c67-4cb8-9724-2b40adb4e4ea}.Debug|iPhone.Deploy.0 = Debug|x86
		{140bebdf-0c67-4cb8-9724-2b40adb4e4ea}.Debug|iPhoneSimulator.ActiveCfg = Debug|x86
		{140bebdf-0c67-4cb8-9724-2b40adb4e4ea}.Debug|iPhoneSimulator.Build.0 = Debug|x86
		{140bebdf-0c67-4cb8-9724-2b40adb4e4ea}.Debug|iPhoneSimulator.Deploy.0 = Debug|x86
		{140bebdf-0c67-4cb8-9724-2b40adb4e4ea}.Debug|x64.ActiveCfg = Debug|x64
		{140bebdf-0c67-4cb8-9724-2b40adb4e4ea}.Debug|x64.Build.0 = Debug|x64
		{140bebdf-0c67-4cb8-9724-2b40adb4e4ea}.Debug|x64.Deploy.0 = Debug|x64
		{140bebdf-0c67-4cb8-9724-2b40adb4e4ea}.Debug|x86.ActiveCfg = Debug|x86
		{140bebdf-0c67-4cb8-9724-2b40adb4e4ea}.Debug|x86.Build.0 = Debug|x86
		{140bebdf-0c67-4cb8-9724-2b40adb4e4ea}.Debug|x86.Deploy.0 = Debug|x86
		{140bebdf-0c67-4cb8-9724-2b40adb4e4ea}.Release|Any CPU.ActiveCfg = Release|x86
		{140bebdf-0c67-4cb8-9724-2b40adb4e4ea}.Release|ARM.ActiveCfg = Release|ARM
		{140bebdf-0c67-4cb8-9724-2b40adb4e4ea}.Release|ARM.Build.0 = Release|ARM
		{140bebdf-0c67-4cb8-9724-2b40adb4e4ea}.Release|ARM.Deploy.0 = Release|ARM
		{140bebdf-0c67-4cb8-9724-2b40adb4e4ea}.Release|ARM64.ActiveCfg = Release|ARM64
		{140bebdf-0c67-4cb8-9724-2b40adb4e4ea}.Release|ARM64.Build.0 = Release|ARM64
		{140bebdf-0c67-4cb8-9724-2b40adb4e4ea}.Release|ARM64.Deploy.0 = Release|ARM64
		{140bebdf-0c67-4cb8-9724-2b40adb4e4ea}.Release|iPhone.ActiveCfg = Release|x86
		{140bebdf-0c67-4cb8-9724-2b40adb4e4ea}.Release|iPhone.Build.0 = Release|x86
		{140bebdf-0c67-4cb8-9724-2b40adb4e4ea}.Release|iPhoneSimulator.ActiveCfg = Release|x86
		{140bebdf-0c67-4cb8-9724-2b40adb4e4ea}.Release|iPhoneSimulator.Build.0 = Release|x86
		{140bebdf-0c67-4cb8-9724-2b40adb4e4ea}.Release|iPhoneSimulator.Deploy.0 = Release|x86
		{140bebdf-0c67-4cb8-9724-2b40adb4e4ea}.Release|x64.ActiveCfg = Release|x64
		{140bebdf-0c67-4cb8-9724-2b40adb4e4ea}.Release|x64.Build.0 = Release|x64
		{140bebdf-0c67-4cb8-9724-2b40adb4e4ea}.Release|x64.Deploy.0 = Release|x64
		{140bebdf-0c67-4cb8-9724-2b40adb4e4ea}.Release|x86.ActiveCfg = Release|x86
		{140bebdf-0c67-4cb8-9724-2b40adb4e4ea}.Release|x86.Build.0 = Release|x86
		{140bebdf-0c67-4cb8-9724-2b40adb4e4ea}.Release|x86.Deploy.0 = Release|x86

		{140bebdf-0c67-4cb8-9724-2b40adb4e4ea}.Debug|Any CPU.ActiveCfg = Debug|Any CPU
		{140bebdf-0c67-4cb8-9724-2b40adb4e4ea}.Debug|Any CPU.Build.0 = Debug|Any CPU
		{140bebdf-0c67-4cb8-9724-2b40adb4e4ea}.Debug|ARM.ActiveCfg = Debug|Any CPU
		{140bebdf-0c67-4cb8-9724-2b40adb4e4ea}.Debug|ARM.Build.0 = Debug|Any CPU
		{140bebdf-0c67-4cb8-9724-2b40adb4e4ea}.Debug|ARM64.ActiveCfg = Debug|Any CPU
		{140bebdf-0c67-4cb8-9724-2b40adb4e4ea}.Debug|ARM64.Build.0 = Debug|Any CPU
		{140bebdf-0c67-4cb8-9724-2b40adb4e4ea}.Debug|iPhone.ActiveCfg = Debug|Any CPU
		{140bebdf-0c67-4cb8-9724-2b40adb4e4ea}.Debug|iPhone.Build.0 = Debug|Any CPU
		{140bebdf-0c67-4cb8-9724-2b40adb4e4ea}.Debug|iPhoneSimulator.ActiveCfg = Debug|Any CPU
		{140bebdf-0c67-4cb8-9724-2b40adb4e4ea}.Debug|iPhoneSimulator.Build.0 = Debug|Any CPU
		{140bebdf-0c67-4cb8-9724-2b40adb4e4ea}.Debug|x64.ActiveCfg = Debug|Any CPU
		{140bebdf-0c67-4cb8-9724-2b40adb4e4ea}.Debug|x64.Build.0 = Debug|Any CPU
		{140bebdf-0c67-4cb8-9724-2b40adb4e4ea}.Debug|x86.ActiveCfg = Debug|Any CPU
		{140bebdf-0c67-4cb8-9724-2b40adb4e4ea}.Debug|x86.Build.0 = Debug|Any CPU
		{140bebdf-0c67-4cb8-9724-2b40adb4e4ea}.Release|Any CPU.ActiveCfg = Release|Any CPU
		{140bebdf-0c67-4cb8-9724-2b40adb4e4ea}.Release|Any CPU.Build.0 = Release|Any CPU
		{140bebdf-0c67-4cb8-9724-2b40adb4e4ea}.Release|ARM.ActiveCfg = Release|Any CPU
		{140bebdf-0c67-4cb8-9724-2b40adb4e4ea}.Release|ARM.Build.0 = Release|Any CPU
		{140bebdf-0c67-4cb8-9724-2b40adb4e4ea}.Release|ARM64.ActiveCfg = Release|Any CPU
		{140bebdf-0c67-4cb8-9724-2b40adb4e4ea}.Release|ARM64.Build.0 = Release|Any CPU
		{140bebdf-0c67-4cb8-9724-2b40adb4e4ea}.Release|iPhone.ActiveCfg = Release|Any CPU
		{140bebdf-0c67-4cb8-9724-2b40adb4e4ea}.Release|iPhone.Build.0 = Release|Any CPU
		{140bebdf-0c67-4cb8-9724-2b40adb4e4ea}.Release|iPhoneSimulator.ActiveCfg = Release|Any CPU
		{140bebdf-0c67-4cb8-9724-2b40adb4e4ea}.Release|iPhoneSimulator.Build.0 = Release|Any CPU
		{140bebdf-0c67-4cb8-9724-2b40adb4e4ea}.Release|x64.ActiveCfg = Release|Any CPU
		{140bebdf-0c67-4cb8-9724-2b40adb4e4ea}.Release|x64.Build.0 = Release|Any CPU
		{140bebdf-0c67-4cb8-9724-2b40adb4e4ea}.Release|x86.ActiveCfg = Release|Any CPU
		{140bebdf-0c67-4cb8-9724-2b40adb4e4ea}.Release|x86.Build.0 = Release|Any CPU

		{A5B8155A-118F-4794-B551-C6F3CF7E5411}.Debug|Any CPU.ActiveCfg = Debug|Any CPU
		{A5B8155A-118F-4794-B551-C6F3CF7E5411}.Debug|Any CPU.Build.0 = Debug|Any CPU
		{A5B8155A-118F-4794-B551-C6F3CF7E5411}.Debug|ARM.ActiveCfg = Debug|Any CPU
		{A5B8155A-118F-4794-B551-C6F3CF7E5411}.Debug|ARM.Build.0 = Debug|Any CPU
		{A5B8155A-118F-4794-B551-C6F3CF7E5411}.Debug|ARM64.ActiveCfg = Debug|Any CPU
		{A5B8155A-118F-4794-B551-C6F3CF7E5411}.Debug|ARM64.Build.0 = Debug|Any CPU
		{A5B8155A-118F-4794-B551-C6F3CF7E5411}.Debug|iPhone.ActiveCfg = Debug|Any CPU
		{A5B8155A-118F-4794-B551-C6F3CF7E5411}.Debug|iPhone.Build.0 = Debug|Any CPU
		{A5B8155A-118F-4794-B551-C6F3CF7E5411}.Debug|iPhoneSimulator.ActiveCfg = Debug|Any CPU
		{A5B8155A-118F-4794-B551-C6F3CF7E5411}.Debug|iPhoneSimulator.Build.0 = Debug|Any CPU
		{A5B8155A-118F-4794-B551-C6F3CF7E5411}.Debug|x64.ActiveCfg = Debug|Any CPU
		{A5B8155A-118F-4794-B551-C6F3CF7E5411}.Debug|x64.Build.0 = Debug|Any CPU
		{A5B8155A-118F-4794-B551-C6F3CF7E5411}.Debug|x86.ActiveCfg = Debug|Any CPU
		{A5B8155A-118F-4794-B551-C6F3CF7E5411}.Debug|x86.Build.0 = Debug|Any CPU
		{A5B8155A-118F-4794-B551-C6F3CF7E5411}.Release|Any CPU.ActiveCfg = Release|Any CPU
		{A5B8155A-118F-4794-B551-C6F3CF7E5411}.Release|Any CPU.Build.0 = Release|Any CPU
		{A5B8155A-118F-4794-B551-C6F3CF7E5411}.Release|ARM.ActiveCfg = Release|Any CPU
		{A5B8155A-118F-4794-B551-C6F3CF7E5411}.Release|ARM.Build.0 = Release|Any CPU
		{A5B8155A-118F-4794-B551-C6F3CF7E5411}.Release|ARM64.ActiveCfg = Release|Any CPU
		{A5B8155A-118F-4794-B551-C6F3CF7E5411}.Release|ARM64.Build.0 = Release|Any CPU
		{A5B8155A-118F-4794-B551-C6F3CF7E5411}.Release|iPhone.ActiveCfg = Release|Any CPU
		{A5B8155A-118F-4794-B551-C6F3CF7E5411}.Release|iPhone.Build.0 = Release|Any CPU
		{A5B8155A-118F-4794-B551-C6F3CF7E5411}.Release|iPhoneSimulator.ActiveCfg = Release|Any CPU
		{A5B8155A-118F-4794-B551-C6F3CF7E5411}.Release|iPhoneSimulator.Build.0 = Release|Any CPU
		{A5B8155A-118F-4794-B551-C6F3CF7E5411}.Release|x64.ActiveCfg = Release|Any CPU
		{A5B8155A-118F-4794-B551-C6F3CF7E5411}.Release|x64.Build.0 = Release|Any CPU
		{A5B8155A-118F-4794-B551-C6F3CF7E5411}.Release|x86.ActiveCfg = Release|Any CPU
		{A5B8155A-118F-4794-B551-C6F3CF7E5411}.Release|x86.Build.0 = Release|Any CPU

		{9AED22A6-77DC-4799-BAE7-5F26F2070BD2}.Debug|Any CPU.ActiveCfg = Debug|Any CPU
		{9AED22A6-77DC-4799-BAE7-5F26F2070BD2}.Debug|Any CPU.Build.0 = Debug|Any CPU
		{9AED22A6-77DC-4799-BAE7-5F26F2070BD2}.Debug|ARM.ActiveCfg = Debug|Any CPU
		{9AED22A6-77DC-4799-BAE7-5F26F2070BD2}.Debug|ARM.Build.0 = Debug|Any CPU
		{9AED22A6-77DC-4799-BAE7-5F26F2070BD2}.Debug|ARM64.ActiveCfg = Debug|Any CPU
		{9AED22A6-77DC-4799-BAE7-5F26F2070BD2}.Debug|ARM64.Build.0 = Debug|Any CPU
		{9AED22A6-77DC-4799-BAE7-5F26F2070BD2}.Debug|iPhone.ActiveCfg = Debug|Any CPU
		{9AED22A6-77DC-4799-BAE7-5F26F2070BD2}.Debug|iPhone.Build.0 = Debug|Any CPU
		{9AED22A6-77DC-4799-BAE7-5F26F2070BD2}.Debug|iPhoneSimulator.ActiveCfg = Debug|Any CPU
		{9AED22A6-77DC-4799-BAE7-5F26F2070BD2}.Debug|iPhoneSimulator.Build.0 = Debug|Any CPU
		{9AED22A6-77DC-4799-BAE7-5F26F2070BD2}.Debug|x64.ActiveCfg = Debug|Any CPU
		{9AED22A6-77DC-4799-BAE7-5F26F2070BD2}.Debug|x64.Build.0 = Debug|Any CPU
		{9AED22A6-77DC-4799-BAE7-5F26F2070BD2}.Debug|x86.ActiveCfg = Debug|Any CPU
		{9AED22A6-77DC-4799-BAE7-5F26F2070BD2}.Debug|x86.Build.0 = Debug|Any CPU
		{9AED22A6-77DC-4799-BAE7-5F26F2070BD2}.Release|Any CPU.ActiveCfg = Release|Any CPU
		{9AED22A6-77DC-4799-BAE7-5F26F2070BD2}.Release|Any CPU.Build.0 = Release|Any CPU
		{9AED22A6-77DC-4799-BAE7-5F26F2070BD2}.Release|ARM.ActiveCfg = Release|Any CPU
		{9AED22A6-77DC-4799-BAE7-5F26F2070BD2}.Release|ARM.Build.0 = Release|Any CPU
		{9AED22A6-77DC-4799-BAE7-5F26F2070BD2}.Release|ARM64.ActiveCfg = Release|Any CPU
		{9AED22A6-77DC-4799-BAE7-5F26F2070BD2}.Release|ARM64.Build.0 = Release|Any CPU
		{9AED22A6-77DC-4799-BAE7-5F26F2070BD2}.Release|iPhone.ActiveCfg = Release|Any CPU
		{9AED22A6-77DC-4799-BAE7-5F26F2070BD2}.Release|iPhone.Build.0 = Release|Any CPU
		{9AED22A6-77DC-4799-BAE7-5F26F2070BD2}.Release|iPhoneSimulator.ActiveCfg = Release|Any CPU
		{9AED22A6-77DC-4799-BAE7-5F26F2070BD2}.Release|iPhoneSimulator.Build.0 = Release|Any CPU
		{9AED22A6-77DC-4799-BAE7-5F26F2070BD2}.Release|x64.ActiveCfg = Release|Any CPU
		{9AED22A6-77DC-4799-BAE7-5F26F2070BD2}.Release|x64.Build.0 = Release|Any CPU
		{9AED22A6-77DC-4799-BAE7-5F26F2070BD2}.Release|x86.ActiveCfg = Release|Any CPU
		{9AED22A6-77DC-4799-BAE7-5F26F2070BD2}.Release|x86.Build.0 = Release|Any CPU

		{6CF284A4-22B1-4F05-97F4-F095C07A598E}.Debug|Any CPU.ActiveCfg = Debug|Any CPU
		{6CF284A4-22B1-4F05-97F4-F095C07A598E}.Debug|Any CPU.Build.0 = Debug|Any CPU
		{6CF284A4-22B1-4F05-97F4-F095C07A598E}.Debug|ARM.ActiveCfg = Debug|Any CPU
		{6CF284A4-22B1-4F05-97F4-F095C07A598E}.Debug|ARM.Build.0 = Debug|Any CPU
		{6CF284A4-22B1-4F05-97F4-F095C07A598E}.Debug|ARM64.ActiveCfg = Debug|Any CPU
		{6CF284A4-22B1-4F05-97F4-F095C07A598E}.Debug|ARM64.Build.0 = Debug|Any CPU
		{6CF284A4-22B1-4F05-97F4-F095C07A598E}.Debug|iPhone.ActiveCfg = Debug|Any CPU
		{6CF284A4-22B1-4F05-97F4-F095C07A598E}.Debug|iPhone.Build.0 = Debug|Any CPU
		{6CF284A4-22B1-4F05-97F4-F095C07A598E}.Debug|iPhoneSimulator.ActiveCfg = Debug|Any CPU
		{6CF284A4-22B1-4F05-97F4-F095C07A598E}.Debug|iPhoneSimulator.Build.0 = Debug|Any CPU
		{6CF284A4-22B1-4F05-97F4-F095C07A598E}.Debug|x64.ActiveCfg = Debug|Any CPU
		{6CF284A4-22B1-4F05-97F4-F095C07A598E}.Debug|x64.Build.0 = Debug|Any CPU
		{6CF284A4-22B1-4F05-97F4-F095C07A598E}.Debug|x86.ActiveCfg = Debug|Any CPU
		{6CF284A4-22B1-4F05-97F4-F095C07A598E}.Debug|x86.Build.0 = Debug|Any CPU
		{6CF284A4-22B1-4F05-97F4-F095C07A598E}.Release|Any CPU.ActiveCfg = Release|Any CPU
		{6CF284A4-22B1-4F05-97F4-F095C07A598E}.Release|Any CPU.Build.0 = Release|Any CPU
		{6CF284A4-22B1-4F05-97F4-F095C07A598E}.Release|ARM.ActiveCfg = Release|Any CPU
		{6CF284A4-22B1-4F05-97F4-F095C07A598E}.Release|ARM.Build.0 = Release|Any CPU
		{6CF284A4-22B1-4F05-97F4-F095C07A598E}.Release|ARM64.ActiveCfg = Release|Any CPU
		{6CF284A4-22B1-4F05-97F4-F095C07A598E}.Release|ARM64.Build.0 = Release|Any CPU
		{6CF284A4-22B1-4F05-97F4-F095C07A598E}.Release|iPhone.ActiveCfg = Release|Any CPU
		{6CF284A4-22B1-4F05-97F4-F095C07A598E}.Release|iPhone.Build.0 = Release|Any CPU
		{6CF284A4-22B1-4F05-97F4-F095C07A598E}.Release|iPhoneSimulator.ActiveCfg = Release|Any CPU
		{6CF284A4-22B1-4F05-97F4-F095C07A598E}.Release|iPhoneSimulator.Build.0 = Release|Any CPU
		{6CF284A4-22B1-4F05-97F4-F095C07A598E}.Release|x64.ActiveCfg = Release|Any CPU
		{6CF284A4-22B1-4F05-97F4-F095C07A598E}.Release|x64.Build.0 = Release|Any CPU
		{6CF284A4-22B1-4F05-97F4-F095C07A598E}.Release|x86.ActiveCfg = Release|Any CPU
		{6CF284A4-22B1-4F05-97F4-F095C07A598E}.Release|x86.Build.0 = Release|Any CPU

		{40EA03F7-8A22-4143-B251-79BAC3EB13D2}.Debug|Any CPU.ActiveCfg = Debug|Any CPU
		{40EA03F7-8A22-4143-B251-79BAC3EB13D2}.Debug|Any CPU.Build.0 = Debug|Any CPU
		{40EA03F7-8A22-4143-B251-79BAC3EB13D2}.Debug|ARM.ActiveCfg = Debug|Any CPU
		{40EA03F7-8A22-4143-B251-79BAC3EB13D2}.Debug|ARM.Build.0 = Debug|Any CPU
		{40EA03F7-8A22-4143-B251-79BAC3EB13D2}.Debug|ARM64.ActiveCfg = Debug|Any CPU
		{40EA03F7-8A22-4143-B251-79BAC3EB13D2}.Debug|ARM64.Build.0 = Debug|Any CPU
		{40EA03F7-8A22-4143-B251-79BAC3EB13D2}.Debug|iPhone.ActiveCfg = Debug|Any CPU
		{40EA03F7-8A22-4143-B251-79BAC3EB13D2}.Debug|iPhone.Build.0 = Debug|Any CPU
		{40EA03F7-8A22-4143-B251-79BAC3EB13D2}.Debug|iPhoneSimulator.ActiveCfg = Debug|Any CPU
		{40EA03F7-8A22-4143-B251-79BAC3EB13D2}.Debug|iPhoneSimulator.Build.0 = Debug|Any CPU
		{40EA03F7-8A22-4143-B251-79BAC3EB13D2}.Debug|x64.ActiveCfg = Debug|Any CPU
		{40EA03F7-8A22-4143-B251-79BAC3EB13D2}.Debug|x64.Build.0 = Debug|Any CPU
		{40EA03F7-8A22-4143-B251-79BAC3EB13D2}.Debug|x86.ActiveCfg = Debug|Any CPU
		{40EA03F7-8A22-4143-B251-79BAC3EB13D2}.Debug|x86.Build.0 = Debug|Any CPU
		{40EA03F7-8A22-4143-B251-79BAC3EB13D2}.Release|Any CPU.ActiveCfg = Release|Any CPU
		{40EA03F7-8A22-4143-B251-79BAC3EB13D2}.Release|Any CPU.Build.0 = Release|Any CPU
		{40EA03F7-8A22-4143-B251-79BAC3EB13D2}.Release|ARM.ActiveCfg = Release|Any CPU
		{40EA03F7-8A22-4143-B251-79BAC3EB13D2}.Release|ARM.Build.0 = Release|Any CPU
		{40EA03F7-8A22-4143-B251-79BAC3EB13D2}.Release|ARM64.ActiveCfg = Release|Any CPU
		{40EA03F7-8A22-4143-B251-79BAC3EB13D2}.Release|ARM64.Build.0 = Release|Any CPU
		{40EA03F7-8A22-4143-B251-79BAC3EB13D2}.Release|iPhone.ActiveCfg = Release|Any CPU
		{40EA03F7-8A22-4143-B251-79BAC3EB13D2}.Release|iPhone.Build.0 = Release|Any CPU
		{40EA03F7-8A22-4143-B251-79BAC3EB13D2}.Release|iPhoneSimulator.ActiveCfg = Release|Any CPU
		{40EA03F7-8A22-4143-B251-79BAC3EB13D2}.Release|iPhoneSimulator.Build.0 = Release|Any CPU
		{40EA03F7-8A22-4143-B251-79BAC3EB13D2}.Release|x64.ActiveCfg = Release|Any CPU
		{40EA03F7-8A22-4143-B251-79BAC3EB13D2}.Release|x64.Build.0 = Release|Any CPU
		{40EA03F7-8A22-4143-B251-79BAC3EB13D2}.Release|x86.ActiveCfg = Release|Any CPU
		{40EA03F7-8A22-4143-B251-79BAC3EB13D2}.Release|x86.Build.0 = Release|Any CPU
		{2ef42fce-b122-4fcc-9894-e1e6656e5f39}.Debug|Any CPU.ActiveCfg = Debug|iPhoneSimulator
		{2ef42fce-b122-4fcc-9894-e1e6656e5f39}.Debug|Any CPU.Build.0 = Debug|iPhoneSimulator
		{2ef42fce-b122-4fcc-9894-e1e6656e5f39}.Debug|ARM.ActiveCfg = Debug|iPhoneSimulator
		{2ef42fce-b122-4fcc-9894-e1e6656e5f39}.Debug|ARM64.ActiveCfg = Debug|iPhoneSimulator
		{2ef42fce-b122-4fcc-9894-e1e6656e5f39}.Debug|iPhone.ActiveCfg = Debug|iPhoneSimulator
		{2ef42fce-b122-4fcc-9894-e1e6656e5f39}.Debug|iPhone.Build.0 = Debug|iPhoneSimulator
		{2ef42fce-b122-4fcc-9894-e1e6656e5f39}.Debug|iPhoneSimulator.ActiveCfg = Debug|iPhoneSimulator
		{2ef42fce-b122-4fcc-9894-e1e6656e5f39}.Debug|iPhoneSimulator.Build.0 = Debug|iPhoneSimulator
		{2ef42fce-b122-4fcc-9894-e1e6656e5f39}.Debug|x64.ActiveCfg = Debug|iPhoneSimulator
		{2ef42fce-b122-4fcc-9894-e1e6656e5f39}.Debug|x64.Build.0 = Debug|iPhoneSimulator
		{2ef42fce-b122-4fcc-9894-e1e6656e5f39}.Debug|x86.ActiveCfg = Debug|iPhoneSimulator
		{2ef42fce-b122-4fcc-9894-e1e6656e5f39}.Debug|x86.Build.0 = Debug|iPhoneSimulator
		{2ef42fce-b122-4fcc-9894-e1e6656e5f39}.Release|Any CPU.ActiveCfg = Release|iPhoneSimulator
		{2ef42fce-b122-4fcc-9894-e1e6656e5f39}.Release|ARM.ActiveCfg = Release|iPhoneSimulator
		{2ef42fce-b122-4fcc-9894-e1e6656e5f39}.Release|ARM64.ActiveCfg = Release|iPhoneSimulator
		{2ef42fce-b122-4fcc-9894-e1e6656e5f39}.Release|iPhone.ActiveCfg = Release|iPhoneSimulator
		{2ef42fce-b122-4fcc-9894-e1e6656e5f39}.Release|iPhone.Build.0 = Release|iPhoneSimulator
		{2ef42fce-b122-4fcc-9894-e1e6656e5f39}.Release|iPhoneSimulator.ActiveCfg = Release|iPhoneSimulator
		{2ef42fce-b122-4fcc-9894-e1e6656e5f39}.Release|iPhoneSimulator.Build.0 = Release|iPhoneSimulator
		{2ef42fce-b122-4fcc-9894-e1e6656e5f39}.Release|x64.ActiveCfg = Release|iPhoneSimulator
		{2ef42fce-b122-4fcc-9894-e1e6656e5f39}.Release|x64.Build.0 = Release|iPhoneSimulator
		{2ef42fce-b122-4fcc-9894-e1e6656e5f39}.Release|x86.ActiveCfg = Release|iPhoneSimulator
		{2ef42fce-b122-4fcc-9894-e1e6656e5f39}.Release|x86.Build.0 = Release|iPhoneSimulator
	EndGlobalSection
	GlobalSection(SolutionProperties) = preSolution
		HideSolutionNode = FALSE
	EndGlobalSection
	GlobalSection(ExtensibilityGlobals) = postSolution
		SolutionGuid = {C7433AE2-B1A0-4C1A-887E-5CAA7AAF67A6}
	EndGlobalSection
EndGlobal
